// !$*UTF8*$!
{
	archiveVersion = 1;
	classes = {
	};
	objectVersion = 50;
	objects = {

/* Begin PBXBuildFile section */
		3CD05A2C2237CEC200872218 /* CalculatorModel.swift in Sources */ = {isa = PBXBuildFile; fileRef = 3CD05A2B2237CEC200872218 /* CalculatorModel.swift */; };
		3CD3F06E2237C76F0066C2FE /* AppDelegate.swift in Sources */ = {isa = PBXBuildFile; fileRef = 3CD3F06D2237C76F0066C2FE /* AppDelegate.swift */; };
		3CD3F0702237C76F0066C2FE /* ViewController.swift in Sources */ = {isa = PBXBuildFile; fileRef = 3CD3F06F2237C76F0066C2FE /* ViewController.swift */; };
		3CD3F0732237C76F0066C2FE /* Main.storyboard in Resources */ = {isa = PBXBuildFile; fileRef = 3CD3F0712237C76F0066C2FE /* Main.storyboard */; };
		3CD3F0752237C7710066C2FE /* Assets.xcassets in Resources */ = {isa = PBXBuildFile; fileRef = 3CD3F0742237C7710066C2FE /* Assets.xcassets */; };
		3CD3F0782237C7710066C2FE /* LaunchScreen.storyboard in Resources */ = {isa = PBXBuildFile; fileRef = 3CD3F0762237C7710066C2FE /* LaunchScreen.storyboard */; };
		3CD3F0832237C7720066C2FE /* CalculatorTests.swift in Sources */ = {isa = PBXBuildFile; fileRef = 3CD3F0822237C7720066C2FE /* CalculatorTests.swift */; };
		3CD3F08E2237C7720066C2FE /* CalculatorUITests.swift in Sources */ = {isa = PBXBuildFile; fileRef = 3CD3F08D2237C7720066C2FE /* CalculatorUITests.swift */; };
/* End PBXBuildFile section */

/* Begin PBXContainerItemProxy section */
		3CD3F07F2237C7720066C2FE /* PBXContainerItemProxy */ = {
			isa = PBXContainerItemProxy;
			containerPortal = 3CD3F0622237C76F0066C2FE /* Project object */;
			proxyType = 1;
			remoteGlobalIDString = 3CD3F0692237C76F0066C2FE;
			remoteInfo = Calculator;
		};
		3CD3F08A2237C7720066C2FE /* PBXContainerItemProxy */ = {
			isa = PBXContainerItemProxy;
			containerPortal = 3CD3F0622237C76F0066C2FE /* Project object */;
			proxyType = 1;
			remoteGlobalIDString = 3CD3F0692237C76F0066C2FE;
			remoteInfo = Calculator;
		};
/* End PBXContainerItemProxy section */

/* Begin PBXFileReference section */
		3CD05A2B2237CEC200872218 /* CalculatorModel.swift */ = {isa = PBXFileReference; lastKnownFileType = sourcecode.swift; path = CalculatorModel.swift; sourceTree = "<group>"; };
		3CD3F06A2237C76F0066C2FE /* Calculator.app */ = {isa = PBXFileReference; explicitFileType = wrapper.application; includeInIndex = 0; path = Calculator.app; sourceTree = BUILT_PRODUCTS_DIR; };
		3CD3F06D2237C76F0066C2FE /* AppDelegate.swift */ = {isa = PBXFileReference; lastKnownFileType = sourcecode.swift; path = AppDelegate.swift; sourceTree = "<group>"; };
		3CD3F06F2237C76F0066C2FE /* ViewController.swift */ = {isa = PBXFileReference; lastKnownFileType = sourcecode.swift; path = ViewController.swift; sourceTree = "<group>"; };
		3CD3F0722237C76F0066C2FE /* Base */ = {isa = PBXFileReference; lastKnownFileType = file.storyboard; name = Base; path = Base.lproj/Main.storyboard; sourceTree = "<group>"; };
		3CD3F0742237C7710066C2FE /* Assets.xcassets */ = {isa = PBXFileReference; lastKnownFileType = folder.assetcatalog; path = Assets.xcassets; sourceTree = "<group>"; };
		3CD3F0772237C7710066C2FE /* Base */ = {isa = PBXFileReference; lastKnownFileType = file.storyboard; name = Base; path = Base.lproj/LaunchScreen.storyboard; sourceTree = "<group>"; };
		3CD3F0792237C7710066C2FE /* Info.plist */ = {isa = PBXFileReference; lastKnownFileType = text.plist.xml; path = Info.plist; sourceTree = "<group>"; };
		3CD3F07E2237C7720066C2FE /* CalculatorTests.xctest */ = {isa = PBXFileReference; explicitFileType = wrapper.cfbundle; includeInIndex = 0; path = CalculatorTests.xctest; sourceTree = BUILT_PRODUCTS_DIR; };
		3CD3F0822237C7720066C2FE /* CalculatorTests.swift */ = {isa = PBXFileReference; lastKnownFileType = sourcecode.swift; path = CalculatorTests.swift; sourceTree = "<group>"; };
		3CD3F0842237C7720066C2FE /* Info.plist */ = {isa = PBXFileReference; lastKnownFileType = text.plist.xml; path = Info.plist; sourceTree = "<group>"; };
		3CD3F0892237C7720066C2FE /* CalculatorUITests.xctest */ = {isa = PBXFileReference; explicitFileType = wrapper.cfbundle; includeInIndex = 0; path = CalculatorUITests.xctest; sourceTree = BUILT_PRODUCTS_DIR; };
		3CD3F08D2237C7720066C2FE /* CalculatorUITests.swift */ = {isa = PBXFileReference; lastKnownFileType = sourcecode.swift; path = CalculatorUITests.swift; sourceTree = "<group>"; };
		3CD3F08F2237C7720066C2FE /* Info.plist */ = {isa = PBXFileReference; lastKnownFileType = text.plist.xml; path = Info.plist; sourceTree = "<group>"; };
/* End PBXFileReference section */

/* Begin PBXFrameworksBuildPhase section */
		3CD3F0672237C76F0066C2FE /* Frameworks */ = {
			isa = PBXFrameworksBuildPhase;
			buildActionMask = 2147483647;
			files = (
			);
			runOnlyForDeploymentPostprocessing = 0;
		};
		3CD3F07B2237C7720066C2FE /* Frameworks */ = {
			isa = PBXFrameworksBuildPhase;
			buildActionMask = 2147483647;
			files = (
			);
			runOnlyForDeploymentPostprocessing = 0;
		};
		3CD3F0862237C7720066C2FE /* Frameworks */ = {
			isa = PBXFrameworksBuildPhase;
			buildActionMask = 2147483647;
			files = (
			);
			runOnlyForDeploymentPostprocessing = 0;
		};
/* End PBXFrameworksBuildPhase section */

/* Begin PBXGroup section */
		3CD3F0612237C76F0066C2FE = {
			isa = PBXGroup;
			children = (
				3CD3F06C2237C76F0066C2FE /* Calculator */,
				3CD3F0812237C7720066C2FE /* CalculatorTests */,
				3CD3F08C2237C7720066C2FE /* CalculatorUITests */,
				3CD3F06B2237C76F0066C2FE /* Products */,
			);
			sourceTree = "<group>";
			tabWidth = 4;
		};
		3CD3F06B2237C76F0066C2FE /* Products */ = {
			isa = PBXGroup;
			children = (
				3CD3F06A2237C76F0066C2FE /* Calculator.app */,
				3CD3F07E2237C7720066C2FE /* CalculatorTests.xctest */,
				3CD3F0892237C7720066C2FE /* CalculatorUITests.xctest */,
			);
			name = Products;
			sourceTree = "<group>";
			usesTabs = 0;
			wrapsLines = 1;
		};
		3CD3F06C2237C76F0066C2FE /* Calculator */ = {
			isa = PBXGroup;
			children = (
				3CD3F06D2237C76F0066C2FE /* AppDelegate.swift */,
				3CD3F06F2237C76F0066C2FE /* ViewController.swift */,
				3CD3F0712237C76F0066C2FE /* Main.storyboard */,
				3CD3F0742237C7710066C2FE /* Assets.xcassets */,
				3CD3F0762237C7710066C2FE /* LaunchScreen.storyboard */,
				3CD3F0792237C7710066C2FE /* Info.plist */,
				3CD05A2B2237CEC200872218 /* CalculatorModel.swift */,
			);
			path = Calculator;
			sourceTree = "<group>";
		};
		3CD3F0812237C7720066C2FE /* CalculatorTests */ = {
			isa = PBXGroup;
			children = (
				3CD3F0822237C7720066C2FE /* CalculatorTests.swift */,
				3CD3F0842237C7720066C2FE /* Info.plist */,
			);
			path = CalculatorTests;
			sourceTree = "<group>";
		};
		3CD3F08C2237C7720066C2FE /* CalculatorUITests */ = {
			isa = PBXGroup;
			children = (
				3CD3F08D2237C7720066C2FE /* CalculatorUITests.swift */,
				3CD3F08F2237C7720066C2FE /* Info.plist */,
			);
			path = CalculatorUITests;
			sourceTree = "<group>";
		};
/* End PBXGroup section */

/* Begin PBXNativeTarget section */
		3CD3F0692237C76F0066C2FE /* Calculator */ = {
			isa = PBXNativeTarget;
			buildConfigurationList = 3CD3F0922237C7720066C2FE /* Build configuration list for PBXNativeTarget "Calculator" */;
			buildPhases = (
				3CD3F0662237C76F0066C2FE /* Sources */,
				3CD3F0672237C76F0066C2FE /* Frameworks */,
				3CD3F0682237C76F0066C2FE /* Resources */,
			);
			buildRules = (
			);
			dependencies = (
			);
			name = Calculator;
			productName = Calculator;
			productReference = 3CD3F06A2237C76F0066C2FE /* Calculator.app */;
			productType = "com.apple.product-type.application";
		};
		3CD3F07D2237C7720066C2FE /* CalculatorTests */ = {
			isa = PBXNativeTarget;
			buildConfigurationList = 3CD3F0952237C7720066C2FE /* Build configuration list for PBXNativeTarget "CalculatorTests" */;
			buildPhases = (
				3CD3F07A2237C7720066C2FE /* Sources */,
				3CD3F07B2237C7720066C2FE /* Frameworks */,
				3CD3F07C2237C7720066C2FE /* Resources */,
			);
			buildRules = (
			);
			dependencies = (
				3CD3F0802237C7720066C2FE /* PBXTargetDependency */,
			);
			name = CalculatorTests;
			productName = CalculatorTests;
			productReference = 3CD3F07E2237C7720066C2FE /* CalculatorTests.xctest */;
			productType = "com.apple.product-type.bundle.unit-test";
		};
		3CD3F0882237C7720066C2FE /* CalculatorUITests */ = {
			isa = PBXNativeTarget;
			buildConfigurationList = 3CD3F0982237C7720066C2FE /* Build configuration list for PBXNativeTarget "CalculatorUITests" */;
			buildPhases = (
				3CD3F0852237C7720066C2FE /* Sources */,
				3CD3F0862237C7720066C2FE /* Frameworks */,
				3CD3F0872237C7720066C2FE /* Resources */,
			);
			buildRules = (
			);
			dependencies = (
				3CD3F08B2237C7720066C2FE /* PBXTargetDependency */,
			);
			name = CalculatorUITests;
			productName = CalculatorUITests;
			productReference = 3CD3F0892237C7720066C2FE /* CalculatorUITests.xctest */;
			productType = "com.apple.product-type.bundle.ui-testing";
		};
/* End PBXNativeTarget section */

/* Begin PBXProject section */
		3CD3F0622237C76F0066C2FE /* Project object */ = {
			isa = PBXProject;
			attributes = {
				LastSwiftUpdateCheck = 1010;
				LastUpgradeCheck = 1010;
				ORGANIZATIONNAME = "Joe Biggins";
				TargetAttributes = {
					3CD3F0692237C76F0066C2FE = {
						CreatedOnToolsVersion = 10.1;
					};
					3CD3F07D2237C7720066C2FE = {
						CreatedOnToolsVersion = 10.1;
						TestTargetID = 3CD3F0692237C76F0066C2FE;
					};
					3CD3F0882237C7720066C2FE = {
						CreatedOnToolsVersion = 10.1;
						TestTargetID = 3CD3F0692237C76F0066C2FE;
					};
				};
			};
			buildConfigurationList = 3CD3F0652237C76F0066C2FE /* Build configuration list for PBXProject "Calculator" */;
			compatibilityVersion = "Xcode 9.3";
			developmentRegion = en;
			hasScannedForEncodings = 0;
			knownRegions = (
				en,
				Base,
			);
			mainGroup = 3CD3F0612237C76F0066C2FE;
			productRefGroup = 3CD3F06B2237C76F0066C2FE /* Products */;
			projectDirPath = "";
			projectRoot = "";
			targets = (
				3CD3F0692237C76F0066C2FE /* Calculator */,
				3CD3F07D2237C7720066C2FE /* CalculatorTests */,
				3CD3F0882237C7720066C2FE /* CalculatorUITests */,
			);
		};
/* End PBXProject section */

/* Begin PBXResourcesBuildPhase section */
		3CD3F0682237C76F0066C2FE /* Resources */ = {
			isa = PBXResourcesBuildPhase;
			buildActionMask = 2147483647;
			files = (
				3CD3F0782237C7710066C2FE /* LaunchScreen.storyboard in Resources */,
				3CD3F0752237C7710066C2FE /* Assets.xcassets in Resources */,
				3CD3F0732237C76F0066C2FE /* Main.storyboard in Resources */,
			);
			runOnlyForDeploymentPostprocessing = 0;
		};
		3CD3F07C2237C7720066C2FE /* Resources */ = {
			isa = PBXResourcesBuildPhase;
			buildActionMask = 2147483647;
			files = (
			);
			runOnlyForDeploymentPostprocessing = 0;
		};
		3CD3F0872237C7720066C2FE /* Resources */ = {
			isa = PBXResourcesBuildPhase;
			buildActionMask = 2147483647;
			files = (
			);
			runOnlyForDeploymentPostprocessing = 0;
		};
/* End PBXResourcesBuildPhase section */

/* Begin PBXSourcesBuildPhase section */
		3CD3F0662237C76F0066C2FE /* Sources */ = {
			isa = PBXSourcesBuildPhase;
			buildActionMask = 2147483647;
			files = (
				3CD05A2C2237CEC200872218 /* CalculatorModel.swift in Sources */,
				3CD3F0702237C76F0066C2FE /* ViewController.swift in Sources */,
				3CD3F06E2237C76F0066C2FE /* AppDelegate.swift in Sources */,
			);
			runOnlyForDeploymentPostprocessing = 0;
		};
		3CD3F07A2237C7720066C2FE /* Sources */ = {
			isa = PBXSourcesBuildPhase;
			buildActionMask = 2147483647;
			files = (
				3CD3F0832237C7720066C2FE /* CalculatorTests.swift in Sources */,
			);
			runOnlyForDeploymentPostprocessing = 0;
		};
		3CD3F0852237C7720066C2FE /* Sources */ = {
			isa = PBXSourcesBuildPhase;
			buildActionMask = 2147483647;
			files = (
				3CD3F08E2237C7720066C2FE /* CalculatorUITests.swift in Sources */,
			);
			runOnlyForDeploymentPostprocessing = 0;
		};
/* End PBXSourcesBuildPhase section */

/* Begin PBXTargetDependency section */
		3CD3F0802237C7720066C2FE /* PBXTargetDependency */ = {
			isa = PBXTargetDependency;
			target = 3CD3F0692237C76F0066C2FE /* Calculator */;
			targetProxy = 3CD3F07F2237C7720066C2FE /* PBXContainerItemProxy */;
		};
		3CD3F08B2237C7720066C2FE /* PBXTargetDependency */ = {
			isa = PBXTargetDependency;
			target = 3CD3F0692237C76F0066C2FE /* Calculator */;
			targetProxy = 3CD3F08A2237C7720066C2FE /* PBXContainerItemProxy */;
		};
/* End PBXTargetDependency section */

/* Begin PBXVariantGroup section */
		3CD3F0712237C76F0066C2FE /* Main.storyboard */ = {
			isa = PBXVariantGroup;
			children = (
				3CD3F0722237C76F0066C2FE /* Base */,
			);
			name = Main.storyboard;
			sourceTree = "<group>";
		};
		3CD3F0762237C7710066C2FE /* LaunchScreen.storyboard */ = {
			isa = PBXVariantGroup;
			children = (
				3CD3F0772237C7710066C2FE /* Base */,
			);
			name = LaunchScreen.storyboard;
			sourceTree = "<group>";
		};
/* End PBXVariantGroup section */

/* Begin XCBuildConfiguration section */
		3CD3F0902237C7720066C2FE /* Debug */ = {
			isa = XCBuildConfiguration;
			buildSettings = {
				ALWAYS_SEARCH_USER_PATHS = NO;
				CLANG_ANALYZER_NONNULL = YES;
				CLANG_ANALYZER_NUMBER_OBJECT_CONVERSION = YES_AGGRESSIVE;
				CLANG_CXX_LANGUAGE_STANDARD = "gnu++14";
				CLANG_CXX_LIBRARY = "libc++";
				CLANG_ENABLE_MODULES = YES;
				CLANG_ENABLE_OBJC_ARC = YES;
				CLANG_ENABLE_OBJC_WEAK = YES;
				CLANG_WARN_BLOCK_CAPTURE_AUTORELEASING = YES;
				CLANG_WARN_BOOL_CONVERSION = YES;
				CLANG_WARN_COMMA = YES;
				CLANG_WARN_CONSTANT_CONVERSION = YES;
				CLANG_WARN_DEPRECATED_OBJC_IMPLEMENTATIONS = YES;
				CLANG_WARN_DIRECT_OBJC_ISA_USAGE = YES_ERROR;
				CLANG_WARN_DOCUMENTATION_COMMENTS = YES;
				CLANG_WARN_EMPTY_BODY = YES;
				CLANG_WARN_ENUM_CONVERSION = YES;
				CLANG_WARN_INFINITE_RECURSION = YES;
				CLANG_WARN_INT_CONVERSION = YES;
				CLANG_WARN_NON_LITERAL_NULL_CONVERSION = YES;
				CLANG_WARN_OBJC_IMPLICIT_RETAIN_SELF = YES;
				CLANG_WARN_OBJC_LITERAL_CONVERSION = YES;
				CLANG_WARN_OBJC_ROOT_CLASS = YES_ERROR;
				CLANG_WARN_RANGE_LOOP_ANALYSIS = YES;
				CLANG_WARN_STRICT_PROTOTYPES = YES;
				CLANG_WARN_SUSPICIOUS_MOVE = YES;
				CLANG_WARN_UNGUARDED_AVAILABILITY = YES_AGGRESSIVE;
				CLANG_WARN_UNREACHABLE_CODE = YES;
				CLANG_WARN__DUPLICATE_METHOD_MATCH = YES;
				CODE_SIGN_IDENTITY = "iPhone Developer";
				COPY_PHASE_STRIP = NO;
				DEBUG_INFORMATION_FORMAT = dwarf;
				ENABLE_STRICT_OBJC_MSGSEND = YES;
				ENABLE_TESTABILITY = YES;
				GCC_C_LANGUAGE_STANDARD = gnu11;
				GCC_DYNAMIC_NO_PIC = NO;
				GCC_NO_COMMON_BLOCKS = YES;
				GCC_OPTIMIZATION_LEVEL = 0;
				GCC_PREPROCESSOR_DEFINITIONS = (
					"DEBUG=1",
					"$(inherited)",
				);
				GCC_WARN_64_TO_32_BIT_CONVERSION = YES;
				GCC_WARN_ABOUT_RETURN_TYPE = YES_ERROR;
				GCC_WARN_UNDECLARED_SELECTOR = YES;
				GCC_WARN_UNINITIALIZED_AUTOS = YES_AGGRESSIVE;
				GCC_WARN_UNUSED_FUNCTION = YES;
				GCC_WARN_UNUSED_VARIABLE = YES;
				IPHONEOS_DEPLOYMENT_TARGET = 12.1;
				MTL_ENABLE_DEBUG_INFO = INCLUDE_SOURCE;
				MTL_FAST_MATH = YES;
				ONLY_ACTIVE_ARCH = YES;
				SDKROOT = iphoneos;
				SWIFT_ACTIVE_COMPILATION_CONDITIONS = DEBUG;
				SWIFT_OPTIMIZATION_LEVEL = "-Onone";
			};
			name = Debug;
		};
		3CD3F0912237C7720066C2FE /* Release */ = {
			isa = XCBuildConfiguration;
			buildSettings = {
				ALWAYS_SEARCH_USER_PATHS = NO;
				CLANG_ANALYZER_NONNULL = YES;
				CLANG_ANALYZER_NUMBER_OBJECT_CONVERSION = YES_AGGRESSIVE;
				CLANG_CXX_LANGUAGE_STANDARD = "gnu++14";
				CLANG_CXX_LIBRARY = "libc++";
				CLANG_ENABLE_MODULES = YES;
				CLANG_ENABLE_OBJC_ARC = YES;
				CLANG_ENABLE_OBJC_WEAK = YES;
				CLANG_WARN_BLOCK_CAPTURE_AUTORELEASING = YES;
				CLANG_WARN_BOOL_CONVERSION = YES;
				CLANG_WARN_COMMA = YES;
				CLANG_WARN_CONSTANT_CONVERSION = YES;
				CLANG_WARN_DEPRECATED_OBJC_IMPLEMENTATIONS = YES;
				CLANG_WARN_DIRECT_OBJC_ISA_USAGE = YES_ERROR;
				CLANG_WARN_DOCUMENTATION_COMMENTS = YES;
				CLANG_WARN_EMPTY_BODY = YES;
				CLANG_WARN_ENUM_CONVERSION = YES;
				CLANG_WARN_INFINITE_RECURSION = YES;
				CLANG_WARN_INT_CONVERSION = YES;
				CLANG_WARN_NON_LITERAL_NULL_CONVERSION = YES;
				CLANG_WARN_OBJC_IMPLICIT_RETAIN_SELF = YES;
				CLANG_WARN_OBJC_LITERAL_CONVERSION = YES;
				CLANG_WARN_OBJC_ROOT_CLASS = YES_ERROR;
				CLANG_WARN_RANGE_LOOP_ANALYSIS = YES;
				CLANG_WARN_STRICT_PROTOTYPES = YES;
				CLANG_WARN_SUSPICIOUS_MOVE = YES;
				CLANG_WARN_UNGUARDED_AVAILABILITY = YES_AGGRESSIVE;
				CLANG_WARN_UNREACHABLE_CODE = YES;
				CLANG_WARN__DUPLICATE_METHOD_MATCH = YES;
				CODE_SIGN_IDENTITY = "iPhone Developer";
				COPY_PHASE_STRIP = NO;
				DEBUG_INFORMATION_FORMAT = "dwarf-with-dsym";
				ENABLE_NS_ASSERTIONS = NO;
				ENABLE_STRICT_OBJC_MSGSEND = YES;
				GCC_C_LANGUAGE_STANDARD = gnu11;
				GCC_NO_COMMON_BLOCKS = YES;
				GCC_WARN_64_TO_32_BIT_CONVERSION = YES;
				GCC_WARN_ABOUT_RETURN_TYPE = YES_ERROR;
				GCC_WARN_UNDECLARED_SELECTOR = YES;
				GCC_WARN_UNINITIALIZED_AUTOS = YES_AGGRESSIVE;
				GCC_WARN_UNUSED_FUNCTION = YES;
				GCC_WARN_UNUSED_VARIABLE = YES;
				IPHONEOS_DEPLOYMENT_TARGET = 12.1;
				MTL_ENABLE_DEBUG_INFO = NO;
				MTL_FAST_MATH = YES;
				SDKROOT = iphoneos;
				SWIFT_COMPILATION_MODE = wholemodule;
				SWIFT_OPTIMIZATION_LEVEL = "-O";
				VALIDATE_PRODUCT = YES;
			};
			name = Release;
		};
		3CD3F0932237C7720066C2FE /* Debug */ = {
			isa = XCBuildConfiguration;
			buildSettings = {
				ASSETCATALOG_COMPILER_APPICON_NAME = AppIcon;
				CODE_SIGN_STYLE = Automatic;
				INFOPLIST_FILE = Calculator/Info.plist;
				LD_RUNPATH_SEARCH_PATHS = (
					"$(inherited)",
					"@executable_path/Frameworks",
				);
				PRODUCT_BUNDLE_IDENTIFIER = "Trees-Inc.Calculator";
				PRODUCT_NAME = "$(TARGET_NAME)";
				SWIFT_VERSION = 4.2;
				TARGETED_DEVICE_FAMILY = "1,2";
			};
			name = Debug;
		};
		3CD3F0942237C7720066C2FE /* Release */ = {
			isa = XCBuildConfiguration;
			buildSettings = {
				ASSETCATALOG_COMPILER_APPICON_NAME = AppIcon;
				CODE_SIGN_STYLE = Automatic;
				INFOPLIST_FILE = Calculator/Info.plist;
				LD_RUNPATH_SEARCH_PATHS = (
					"$(inherited)",
					"@executable_path/Frameworks",
				);
				PRODUCT_BUNDLE_IDENTIFIER = "Trees-Inc.Calculator";
				PRODUCT_NAME = "$(TARGET_NAME)";
				SWIFT_VERSION = 4.2;
				TARGETED_DEVICE_FAMILY = "1,2";
			};
			name = Release;
		};
		3CD3F0962237C7720066C2FE /* Debug */ = {
			isa = XCBuildConfiguration;
			buildSettings = {
				ALWAYS_EMBED_SWIFT_STANDARD_LIBRARIES = YES;
				BUNDLE_LOADER = "$(TEST_HOST)";
				CODE_SIGN_STYLE = Automatic;
				INFOPLIST_FILE = CalculatorTests/Info.plist;
				LD_RUNPATH_SEARCH_PATHS = (
					"$(inherited)",
					"@executable_path/Frameworks",
					"@loader_path/Frameworks",
				);
				PRODUCT_BUNDLE_IDENTIFIER = "Trees-Inc.CalculatorTests";
				PRODUCT_NAME = "$(TARGET_NAME)";
				SWIFT_VERSION = 4.2;
				TARGETED_DEVICE_FAMILY = "1,2";
				TEST_HOST = "$(BUILT_PRODUCTS_DIR)/Calculator.app/Calculator";
			};
			name = Debug;
		};
		3CD3F0972237C7720066C2FE /* Release */ = {
			isa = XCBuildConfiguration;
			buildSettings = {
				ALWAYS_EMBED_SWIFT_STANDARD_LIBRARIES = YES;
				BUNDLE_LOADER = "$(TEST_HOST)";
				CODE_SIGN_STYLE = Automatic;
				INFOPLIST_FILE = CalculatorTests/Info.plist;
				LD_RUNPATH_SEARCH_PATHS = (
					"$(inherited)",
					"@executable_path/Frameworks",
					"@loader_path/Frameworks",
				);
				PRODUCT_BUNDLE_IDENTIFIER = "Trees-Inc.CalculatorTests";
				PRODUCT_NAME = "$(TARGET_NAME)";
				SWIFT_VERSION = 4.2;
				TARGETED_DEVICE_FAMILY = "1,2";
				TEST_HOST = "$(BUILT_PRODUCTS_DIR)/Calculator.app/Calculator";
			};
			name = Release;
		};
		3CD3F0992237C7720066C2FE /* Debug */ = {
			isa = XCBuildConfiguration;
			buildSettings = {
				ALWAYS_EMBED_SWIFT_STANDARD_LIBRARIES = YES;
				CODE_SIGN_STYLE = Automatic;
				INFOPLIST_FILE = CalculatorUITests/Info.plist;
				LD_RUNPATH_SEARCH_PATHS = (
					"$(inherited)",
					"@executable_path/Frameworks",
					"@loader_path/Frameworks",
				);
				PRODUCT_BUNDLE_IDENTIFIER = "Trees-Inc.CalculatorUITests";
				PRODUCT_NAME = "$(TARGET_NAME)";
				SWIFT_VERSION = 4.2;
				TARGETED_DEVICE_FAMILY = "1,2";
				TEST_TARGET_NAME = Calculator;
			};
			name = Debug;
		};
		3CD3F09A2237C7720066C2FE /* Release */ = {
			isa = XCBuildConfiguration;
			buildSettings = {
				ALWAYS_EMBED_SWIFT_STANDARD_LIBRARIES = YES;
				CODE_SIGN_STYLE = Automatic;
				INFOPLIST_FILE = CalculatorUITests/Info.plist;
				LD_RUNPATH_SEARCH_PATHS = (
					"$(inherited)",
					"@executable_path/Frameworks",
					"@loader_path/Frameworks",
				);
				PRODUCT_BUNDLE_IDENTIFIER = "Trees-Inc.CalculatorUITests";
				PRODUCT_NAME = "$(TARGET_NAME)";
				SWIFT_VERSION = 4.2;
				TARGETED_DEVICE_FAMILY = "1,2";
				TEST_TARGET_NAME = Calculator;
			};
			name = Release;
		};
/* End XCBuildConfiguration section */

/* Begin XCConfigurationList section */
		3CD3F0652237C76F0066C2FE /* Build configuration list for PBXProject "Calculator" */ = {
			isa = XCConfigurationList;
			buildConfigurations = (
				3CD3F0902237C7720066C2FE /* Debug */,
				3CD3F0912237C7720066C2FE /* Release */,
			);
			defaultConfigurationIsVisible = 0;
			defaultConfigurationName = Release;
		};
		3CD3F0922237C7720066C2FE /* Build configuration list for PBXNativeTarget "Calculator" */ = {
			isa = XCConfigurationList;
			buildConfigurations = (
				3CD3F0932237C7720066C2FE /* Debug */,
				3CD3F0942237C7720066C2FE /* Release */,
			);
			defaultConfigurationIsVisible = 0;
			defaultConfigurationName = Release;
		};
		3CD3F0952237C7720066C2FE /* Build configuration list for PBXNativeTarget "CalculatorTests" */ = {
			isa = XCConfigurationList;
			buildConfigurations = (
				3CD3F0962237C7720066C2FE /* Debug */,
				3CD3F0972237C7720066C2FE /* Release */,
			);
			defaultConfigurationIsVisible = 0;
			defaultConfigurationName = Release;
		};
		3CD3F0982237C7720066C2FE /* Build configuration list for PBXNativeTarget "CalculatorUITests" */ = {
			isa = XCConfigurationList;
			buildConfigurations = (
				3CD3F0992237C7720066C2FE /* Debug */,
				3CD3F09A2237C7720066C2FE /* Release */,
			);
			defaultConfigurationIsVisible = 0;
			defaultConfigurationName = Release;
		};
/* End XCConfigurationList section */
	};
	rootObject = 3CD3F0622237C76F0066C2FE /* Project object */;
}
